
Microsoft Visual Studio Solution File, Format Version 12.00
# Visual Studio 15
VisualStudioVersion = 15.0.26124.0
MinimumVisualStudioVersion = 15.0.26124.0
Project("{2150E333-8FDC-42A3-9474-1A3956D46DE8}") = "src", "src", "{1D8829D6-A9AA-4C41-BE7E-1C2143DFB637}"
EndProject
Project("{9A19103F-16F7-4668-BE54-9A1E7A4F7556}") = "StackopsConsoleApp", "src\StackopsConsoleApp\StackopsConsoleApp.csproj", "{8EC0FC83-F21D-4DB1-9538-2B187A7597A5}"
EndProject
Project("{9A19103F-16F7-4668-BE54-9A1E7A4F7556}") = "StackopsCore", "src\StackopsCore\StackopsCore.csproj", "{99C30040-755F-42C8-A563-4E3EDE8AED73}"
EndProject
Project("{2150E333-8FDC-42A3-9474-1A3956D46DE8}") = "tests", "tests", "{E9F44F4C-A904-4D7E-8C3F-FBD3AD79C9E2}"
EndProject
Project("{9A19103F-16F7-4668-BE54-9A1E7A4F7556}") = "StackopsCoreAcceptanceTests", "tests\StackopsCoreAcceptanceTests\StackopsCoreAcceptanceTests.csproj", "{0715F2CD-86A2-4D5A-9019-35B896E11FBF}"
EndProject
Project("{9A19103F-16F7-4668-BE54-9A1E7A4F7556}") = "StackopsServerlessFunctions", "src\StackopsServerlessFunctions\StackopsServerlessFunctions.csproj", "{5AF975C9-31C3-4658-B97B-27D76ECCAA00}"
EndProject
Global
	GlobalSection(SolutionConfigurationPlatforms) = preSolution
		Debug|Any CPU = Debug|Any CPU
		Debug|x64 = Debug|x64
		Debug|x86 = Debug|x86
		Release|Any CPU = Release|Any CPU
		Release|x64 = Release|x64
		Release|x86 = Release|x86
	EndGlobalSection
	GlobalSection(ProjectConfigurationPlatforms) = postSolution
		{8EC0FC83-F21D-4DB1-9538-2B187A7597A5}.Debug|Any CPU.ActiveCfg = Debug|Any CPU
		{8EC0FC83-F21D-4DB1-9538-2B187A7597A5}.Debug|Any CPU.Build.0 = Debug|Any CPU
		{8EC0FC83-F21D-4DB1-9538-2B187A7597A5}.Debug|x64.ActiveCfg = Debug|Any CPU
		{8EC0FC83-F21D-4DB1-9538-2B187A7597A5}.Debug|x64.Build.0 = Debug|Any CPU
		{8EC0FC83-F21D-4DB1-9538-2B187A7597A5}.Debug|x86.ActiveCfg = Debug|Any CPU
		{8EC0FC83-F21D-4DB1-9538-2B187A7597A5}.Debug|x86.Build.0 = Debug|Any CPU
		{8EC0FC83-F21D-4DB1-9538-2B187A7597A5}.Release|Any CPU.ActiveCfg = Release|Any CPU
		{8EC0FC83-F21D-4DB1-9538-2B187A7597A5}.Release|Any CPU.Build.0 = Release|Any CPU
		{8EC0FC83-F21D-4DB1-9538-2B187A7597A5}.Release|x64.ActiveCfg = Release|Any CPU
		{8EC0FC83-F21D-4DB1-9538-2B187A7597A5}.Release|x64.Build.0 = Release|Any CPU
		{8EC0FC83-F21D-4DB1-9538-2B187A7597A5}.Release|x86.ActiveCfg = Release|Any CPU
		{8EC0FC83-F21D-4DB1-9538-2B187A7597A5}.Release|x86.Build.0 = Release|Any CPU
		{99C30040-755F-42C8-A563-4E3EDE8AED73}.Debug|Any CPU.ActiveCfg = Debug|Any CPU
		{99C30040-755F-42C8-A563-4E3EDE8AED73}.Debug|Any CPU.Build.0 = Debug|Any CPU
		{99C30040-755F-42C8-A563-4E3EDE8AED73}.Debug|x64.ActiveCfg = Debug|Any CPU
		{99C30040-755F-42C8-A563-4E3EDE8AED73}.Debug|x64.Build.0 = Debug|Any CPU
		{99C30040-755F-42C8-A563-4E3EDE8AED73}.Debug|x86.ActiveCfg = Debug|Any CPU
		{99C30040-755F-42C8-A563-4E3EDE8AED73}.Debug|x86.Build.0 = Debug|Any CPU
		{99C30040-755F-42C8-A563-4E3EDE8AED73}.Release|Any CPU.ActiveCfg = Release|Any CPU
		{99C30040-755F-42C8-A563-4E3EDE8AED73}.Release|Any CPU.Build.0 = Release|Any CPU
		{99C30040-755F-42C8-A563-4E3EDE8AED73}.Release|x64.ActiveCfg = Release|Any CPU
		{99C30040-755F-42C8-A563-4E3EDE8AED73}.Release|x64.Build.0 = Release|Any CPU
		{99C30040-755F-42C8-A563-4E3EDE8AED73}.Release|x86.ActiveCfg = Release|Any CPU
		{99C30040-755F-42C8-A563-4E3EDE8AED73}.Release|x86.Build.0 = Release|Any CPU
		{0715F2CD-86A2-4D5A-9019-35B896E11FBF}.Debug|Any CPU.ActiveCfg = Debug|Any CPU
		{0715F2CD-86A2-4D5A-9019-35B896E11FBF}.Debug|Any CPU.Build.0 = Debug|Any CPU
		{0715F2CD-86A2-4D5A-9019-35B896E11FBF}.Debug|x64.ActiveCfg = Debug|Any CPU
		{0715F2CD-86A2-4D5A-9019-35B896E11FBF}.Debug|x64.Build.0 = Debug|Any CPU
		{0715F2CD-86A2-4D5A-9019-35B896E11FBF}.Debug|x86.ActiveCfg = Debug|Any CPU
		{0715F2CD-86A2-4D5A-9019-35B896E11FBF}.Debug|x86.Build.0 = Debug|Any CPU
		{0715F2CD-86A2-4D5A-9019-35B896E11FBF}.Release|Any CPU.ActiveCfg = Release|Any CPU
		{0715F2CD-86A2-4D5A-9019-35B896E11FBF}.Release|Any CPU.Build.0 = Release|Any CPU
		{0715F2CD-86A2-4D5A-9019-35B896E11FBF}.Release|x64.ActiveCfg = Release|Any CPU
		{0715F2CD-86A2-4D5A-9019-35B896E11FBF}.Release|x64.Build.0 = Release|Any CPU
		{0715F2CD-86A2-4D5A-9019-35B896E11FBF}.Release|x86.ActiveCfg = Release|Any CPU
		{0715F2CD-86A2-4D5A-9019-35B896E11FBF}.Release|x86.Build.0 = Release|Any CPU
		{5AF975C9-31C3-4658-B97B-27D76ECCAA00}.Debug|Any CPU.ActiveCfg = Debug|Any CPU
		{5AF975C9-31C3-4658-B97B-27D76ECCAA00}.Debug|Any CPU.Build.0 = Debug|Any CPU
		{5AF975C9-31C3-4658-B97B-27D76ECCAA00}.Debug|x64.ActiveCfg = Debug|Any CPU
		{5AF975C9-31C3-4658-B97B-27D76ECCAA00}.Debug|x64.Build.0 = Debug|Any CPU
		{5AF975C9-31C3-4658-B97B-27D76ECCAA00}.Debug|x86.ActiveCfg = Debug|Any CPU
		{5AF975C9-31C3-4658-B97B-27D76ECCAA00}.Debug|x86.Build.0 = Debug|Any CPU
		{5AF975C9-31C3-4658-B97B-27D76ECCAA00}.Release|Any CPU.ActiveCfg = Release|Any CPU
		{5AF975C9-31C3-4658-B97B-27D76ECCAA00}.Release|Any CPU.Build.0 = Release|Any CPU
		{5AF975C9-31C3-4658-B97B-27D76ECCAA00}.Release|x64.ActiveCfg = Release|Any CPU
		{5AF975C9-31C3-4658-B97B-27D76ECCAA00}.Release|x64.Build.0 = Release|Any CPU
		{5AF975C9-31C3-4658-B97B-27D76ECCAA00}.Release|x86.ActiveCfg = Release|Any CPU
		{5AF975C9-31C3-4658-B97B-27D76ECCAA00}.Release|x86.Build.0 = Release|Any CPU
	EndGlobalSection
	GlobalSection(SolutionProperties) = preSolution
		HideSolutionNode = FALSE
	EndGlobalSection
	GlobalSection(NestedProjects) = preSolution
		{8EC0FC83-F21D-4DB1-9538-2B187A7597A5} = {1D8829D6-A9AA-4C41-BE7E-1C2143DFB637}
		{99C30040-755F-42C8-A563-4E3EDE8AED73} = {1D8829D6-A9AA-4C41-BE7E-1C2143DFB637}
		{0715F2CD-86A2-4D5A-9019-35B896E11FBF} = {E9F44F4C-A904-4D7E-8C3F-FBD3AD79C9E2}
		{5AF975C9-31C3-4658-B97B-27D76ECCAA00} = {1D8829D6-A9AA-4C41-BE7E-1C2143DFB637}
	EndGlobalSection
	GlobalSection(ExtensibilityGlobals) = postSolution
		SolutionGuid = {ED099B9C-1347-4CF4-97E8-EBBC3E03872A}
	EndGlobalSection
EndGlobal
